
Microsoft Visual Studio Solution File, Format Version 12.00
# Visual Studio Version 16
VisualStudioVersion = 16.0.29709.97
MinimumVisualStudioVersion = 10.0.40219.1
Project("{8BC9CEB8-8B4A-11D0-8D11-00A0C91BC942}") = "Remover", "Remover\Remover.vcxproj", "{EC66BAE8-C44A-4271-A286-EBE4FD74745B}"
EndProject
Global
	GlobalSection(SolutionConfigurationPlatforms) = preSolution
		Debug|x64 = Debug|x64
		Debug|x86 = Debug|x86
		Release|x64 = Release|x64
		Release|x86 = Release|x86
	EndGlobalSection
	GlobalSection(ProjectConfigurationPlatforms) = postSolution
		{EC66BAE8-C44A-4271-A286-EBE4FD74745B}.Debug|x64.ActiveCfg = Debug|x64
		{EC66BAE8-C44A-4271-A286-EBE4FD74745B}.Debug|x64.Build.0 = Debug|x64
		{EC66BAE8-C44A-4271-A286-EBE4FD74745B}.Debug|x86.ActiveCfg = Debug|Win32
		{EC66BAE8-C44A-4271-A286-EBE4FD74745B}.Debug|x86.Build.0 = Debug|Win32
		{EC66BAE8-C44A-4271-A286-EBE4FD74745B}.Release|x64.ActiveCfg = Release|x64
		{EC66BAE8-C44A-4271-A286-EBE4FD74745B}.Release|x64.Build.0 = Release|x64
		{EC66BAE8-C44A-4271-A286-EBE4FD74745B}.Release|x86.ActiveCfg = Release|Win32
		{EC66BAE8-C44A-4271-A286-EBE4FD74745B}.Release|x86.Build.0 = Release|Win32
	EndGlobalSection
	GlobalSection(SolutionProperties) = preSolution
		HideSolutionNode = FALSE
	EndGlobalSection
	GlobalSection(ExtensibilityGlobals) = postSolution
		SolutionGuid = {EA34DF54-F2FB-48C8-AA9F-D16E61E47EFB}
	EndGlobalSection
EndGlobal
